
Microsoft Visual Studio Solution File, Format Version 12.00
# Visual Studio Version 17
VisualStudioVersion = 17.0.32112.339
MinimumVisualStudioVersion = 10.0.40219.1
Project("{9A19103F-16F7-4668-BE54-9A1E7A4F7556}") = "Google.Ads.GoogleAds", "src\Google.Ads.GoogleAds.csproj", "{C691BD4D-683D-425B-8BC7-52F161475C7C}"
EndProject
Project("{9A19103F-16F7-4668-BE54-9A1E7A4F7556}") = "Google.Ads.GoogleAds.Tests", "tests\Google.Ads.GoogleAds.Tests.csproj", "{CE67A7AE-5C95-4C89-A7C5-EB6C88940B36}"
EndProject
Project("{9A19103F-16F7-4668-BE54-9A1E7A4F7556}") = "Google.Ads.GoogleAds.Examples", "examples\Google.Ads.GoogleAds.Examples.csproj", "{7172CCB7-70B9-41A4-9D45-FCB156F9DF60}"
EndProject
Project("{9A19103F-16F7-4668-BE54-9A1E7A4F7556}") = "GenerateUserCredentials", "examples\Authentication\GenerateUserCredentials\GenerateUserCredentials.csproj", "{C64FFE8B-8464-4D71-814A-9397E6C2CFC2}"
EndProject
Project("{9A19103F-16F7-4668-BE54-9A1E7A4F7556}") = "Google.Ads.Gax", "..\Google.Ads.Gax\src\Google.Ads.Gax.csproj", "{6C4F9C57-895A-4986-B399-F8B58F741914}"
EndProject
Project("{9A19103F-16F7-4668-BE54-9A1E7A4F7556}") = "Google.Ads.Gax.Tests", "..\Google.Ads.Gax\tests\Google.Ads.Gax.Tests.csproj", "{DB5C6F50-F8C2-4F28-9122-0B3916509C8E}"
EndProject
Project("{9A19103F-16F7-4668-BE54-9A1E7A4F7556}") = "Google.Ads.GoogleAds.Core", "..\Google.Ads.GoogleAds.Core\src\Google.Ads.GoogleAds.Core.csproj", "{FAE1601B-DF02-4087-B14F-05B66086BF37}"
EndProject
Project("{9A19103F-16F7-4668-BE54-9A1E7A4F7556}") = "Google.Ads.GoogleAds.Core.Tests", "..\Google.Ads.GoogleAds.Core\tests\Google.Ads.GoogleAds.Core.Tests.csproj", "{434E2495-5086-4CC8-BBBF-E12647B4CC80}"
EndProject
Project("{9A19103F-16F7-4668-BE54-9A1E7A4F7556}") = "Google.Ads.GoogleAds.Extensions", "..\Google.Ads.GoogleAds.Extensions\src\Google.Ads.GoogleAds.Extensions.csproj", "{67ED23E8-CEF8-441B-A2EC-FC1639BC0F71}"
EndProject
Project("{9A19103F-16F7-4668-BE54-9A1E7A4F7556}") = "Google.Ads.GoogleAds.Extensions.Tests", "..\Google.Ads.GoogleAds.Extensions\tests\Google.Ads.GoogleAds.Extensions.Tests.csproj", "{570BA0FF-D06D-420F-9226-41D269D684E9}"
EndProject
Project("{9A19103F-16F7-4668-BE54-9A1E7A4F7556}") = "Google.Ads.GoogleAds.Extensions.DependencyInjection", "..\Google.Ads.GoogleAds.Extensions.DependencyInjection\src\Google.Ads.GoogleAds.Extensions.DependencyInjection.csproj", "{2128D7AC-6B81-4C30-9509-715155C9B738}"
EndProject
Project("{FAE04EC0-301F-11D3-BF4B-00C04F79EFBC}") = "Google.Ads.GoogleAds.Extensions.DependencyInjection.Tests", "..\Google.Ads.GoogleAds.Extensions.DependencyInjection\tests\Google.Ads.GoogleAds.Extensions.DependencyInjection.Tests\Google.Ads.GoogleAds.Extensions.DependencyInjection.Tests.csproj", "{DF09202F-2E3B-4F91-826C-E47BD8D0C541}"
EndProject
Project("{9A19103F-16F7-4668-BE54-9A1E7A4F7556}") = "Google.Ads.Gax.TestUtilities", "..\Google.Ads.Gax\tests\TestUtilities\Google.Ads.Gax.TestUtilities.csproj", "{59C52D08-48BA-474A-AE77-FB1128455E91}"
EndProject
Global
	GlobalSection(SolutionConfigurationPlatforms) = preSolution
		Debug|Any CPU = Debug|Any CPU
		Release|Any CPU = Release|Any CPU
	EndGlobalSection
	GlobalSection(ProjectConfigurationPlatforms) = postSolution
		{C691BD4D-683D-425B-8BC7-52F161475C7C}.Debug|Any CPU.ActiveCfg = Debug|Any CPU
		{C691BD4D-683D-425B-8BC7-52F161475C7C}.Debug|Any CPU.Build.0 = Debug|Any CPU
		{C691BD4D-683D-425B-8BC7-52F161475C7C}.Release|Any CPU.ActiveCfg = Release|Any CPU
		{C691BD4D-683D-425B-8BC7-52F161475C7C}.Release|Any CPU.Build.0 = Release|Any CPU
		{CE67A7AE-5C95-4C89-A7C5-EB6C88940B36}.Debug|Any CPU.ActiveCfg = Debug|Any CPU
		{CE67A7AE-5C95-4C89-A7C5-EB6C88940B36}.Debug|Any CPU.Build.0 = Debug|Any CPU
		{CE67A7AE-5C95-4C89-A7C5-EB6C88940B36}.Release|Any CPU.ActiveCfg = Release|Any CPU
		{CE67A7AE-5C95-4C89-A7C5-EB6C88940B36}.Release|Any CPU.Build.0 = Release|Any CPU
		{7172CCB7-70B9-41A4-9D45-FCB156F9DF60}.Debug|Any CPU.ActiveCfg = Debug|Any CPU
		{7172CCB7-70B9-41A4-9D45-FCB156F9DF60}.Debug|Any CPU.Build.0 = Debug|Any CPU
		{7172CCB7-70B9-41A4-9D45-FCB156F9DF60}.Release|Any CPU.ActiveCfg = Release|Any CPU
		{7172CCB7-70B9-41A4-9D45-FCB156F9DF60}.Release|Any CPU.Build.0 = Release|Any CPU
		{C64FFE8B-8464-4D71-814A-9397E6C2CFC2}.Debug|Any CPU.ActiveCfg = Debug|Any CPU
		{C64FFE8B-8464-4D71-814A-9397E6C2CFC2}.Debug|Any CPU.Build.0 = Debug|Any CPU
		{C64FFE8B-8464-4D71-814A-9397E6C2CFC2}.Release|Any CPU.ActiveCfg = Release|Any CPU
		{C64FFE8B-8464-4D71-814A-9397E6C2CFC2}.Release|Any CPU.Build.0 = Release|Any CPU
		{6C4F9C57-895A-4986-B399-F8B58F741914}.Debug|Any CPU.ActiveCfg = Debug|Any CPU
		{6C4F9C57-895A-4986-B399-F8B58F741914}.Debug|Any CPU.Build.0 = Debug|Any CPU
		{6C4F9C57-895A-4986-B399-F8B58F741914}.Release|Any CPU.ActiveCfg = Release|Any CPU
		{6C4F9C57-895A-4986-B399-F8B58F741914}.Release|Any CPU.Build.0 = Release|Any CPU
		{DB5C6F50-F8C2-4F28-9122-0B3916509C8E}.Debug|Any CPU.ActiveCfg = Debug|Any CPU
		{DB5C6F50-F8C2-4F28-9122-0B3916509C8E}.Debug|Any CPU.Build.0 = Debug|Any CPU
		{DB5C6F50-F8C2-4F28-9122-0B3916509C8E}.Release|Any CPU.ActiveCfg = Release|Any CPU
		{DB5C6F50-F8C2-4F28-9122-0B3916509C8E}.Release|Any CPU.Build.0 = Release|Any CPU
		{FAE1601B-DF02-4087-B14F-05B66086BF37}.Debug|Any CPU.ActiveCfg = Debug|Any CPU
		{FAE1601B-DF02-4087-B14F-05B66086BF37}.Debug|Any CPU.Build.0 = Debug|Any CPU
		{FAE1601B-DF02-4087-B14F-05B66086BF37}.Release|Any CPU.ActiveCfg = Release|Any CPU
		{FAE1601B-DF02-4087-B14F-05B66086BF37}.Release|Any CPU.Build.0 = Release|Any CPU
		{434E2495-5086-4CC8-BBBF-E12647B4CC80}.Debug|Any CPU.ActiveCfg = Debug|Any CPU
		{434E2495-5086-4CC8-BBBF-E12647B4CC80}.Debug|Any CPU.Build.0 = Debug|Any CPU
		{434E2495-5086-4CC8-BBBF-E12647B4CC80}.Release|Any CPU.ActiveCfg = Release|Any CPU
		{434E2495-5086-4CC8-BBBF-E12647B4CC80}.Release|Any CPU.Build.0 = Release|Any CPU
		{67ED23E8-CEF8-441B-A2EC-FC1639BC0F71}.Debug|Any CPU.ActiveCfg = Debug|Any CPU
		{67ED23E8-CEF8-441B-A2EC-FC1639BC0F71}.Debug|Any CPU.Build.0 = Debug|Any CPU
		{67ED23E8-CEF8-441B-A2EC-FC1639BC0F71}.Release|Any CPU.ActiveCfg = Release|Any CPU
		{67ED23E8-CEF8-441B-A2EC-FC1639BC0F71}.Release|Any CPU.Build.0 = Release|Any CPU
		{570BA0FF-D06D-420F-9226-41D269D684E9}.Debug|Any CPU.ActiveCfg = Debug|Any CPU
		{570BA0FF-D06D-420F-9226-41D269D684E9}.Debug|Any CPU.Build.0 = Debug|Any CPU
		{570BA0FF-D06D-420F-9226-41D269D684E9}.Release|Any CPU.ActiveCfg = Release|Any CPU
		{570BA0FF-D06D-420F-9226-41D269D684E9}.Release|Any CPU.Build.0 = Release|Any CPU
		{2128D7AC-6B81-4C30-9509-715155C9B738}.Debug|Any CPU.ActiveCfg = Debug|Any CPU
		{2128D7AC-6B81-4C30-9509-715155C9B738}.Debug|Any CPU.Build.0 = Debug|Any CPU
		{2128D7AC-6B81-4C30-9509-715155C9B738}.Release|Any CPU.ActiveCfg = Release|Any CPU
		{2128D7AC-6B81-4C30-9509-715155C9B738}.Release|Any CPU.Build.0 = Release|Any CPU
		{DF09202F-2E3B-4F91-826C-E47BD8D0C541}.Debug|Any CPU.ActiveCfg = Debug|Any CPU
		{DF09202F-2E3B-4F91-826C-E47BD8D0C541}.Debug|Any CPU.Build.0 = Debug|Any CPU
		{DF09202F-2E3B-4F91-826C-E47BD8D0C541}.Release|Any CPU.ActiveCfg = Release|Any CPU
		{DF09202F-2E3B-4F91-826C-E47BD8D0C541}.Release|Any CPU.Build.0 = Release|Any CPU
		{59C52D08-48BA-474A-AE77-FB1128455E91}.Debug|Any CPU.ActiveCfg = Debug|Any CPU
		{59C52D08-48BA-474A-AE77-FB1128455E91}.Debug|Any CPU.Build.0 = Debug|Any CPU
		{59C52D08-48BA-474A-AE77-FB1128455E91}.Release|Any CPU.ActiveCfg = Release|Any CPU
		{59C52D08-48BA-474A-AE77-FB1128455E91}.Release|Any CPU.Build.0 = Release|Any CPU
	EndGlobalSection
	GlobalSection(SolutionProperties) = preSolution
		HideSolutionNode = FALSE
	EndGlobalSection
	GlobalSection(ExtensibilityGlobals) = postSolution
		SolutionGuid = {88C77FC6-144E-4990-8064-510E654327F0}
	EndGlobalSection
EndGlobal
